{
  "name": "vis.gatech.edu",
  "version": "1.0.0",
  "lockfileVersion": 1,
  "requires": true,
  "dependencies": {
    "bootstrap": {
      "version": "4.6.0",
      "resolved": "https://registry.npmjs.org/bootstrap/-/bootstrap-4.6.0.tgz",
      "integrity": "sha512-Io55IuQY3kydzHtbGvQya3H+KorS/M9rSNyfCGCg9WZ4pyT/lCxIlpJgG1GXW/PswzC84Tr2fBYi+7+jFVQQBw=="
    },
    "font-awesome": {
      "version": "4.7.0",
      "resolved": "https://registry.npmjs.org/font-awesome/-/font-awesome-4.7.0.tgz",
      "integrity": "sha1-j6jPBBGhoxr9B7BtKQK7n8gVoTM="
    },
    "jquery": {
      "version": "3.6.0",
      "resolved": "https://registry.npmjs.org/jquery/-/jquery-3.6.0.tgz",
      "integrity": "sha512-JVzAR/AjBvVt2BmYhxRCSYysDsPcssdmTFnzyLEts9qNwmjmu4JTAMYubEfwVOSwpQ1I1sKKFcxhZCI2buerfw=="
    },
    "jquery-ui-dist": {
      "version": "1.12.1",
      "resolved": "https://registry.npmjs.org/jquery-ui-dist/-/jquery-ui-dist-1.12.1.tgz",
      "integrity": "sha1-XAgV08xvkP9fqvWyaKbiO0ypBPo="
    },
    "jquery-ui-touch-punch": {
      "version": "0.2.3",
      "resolved": "https://registry.npmjs.org/jquery-ui-touch-punch/-/jquery-ui-touch-punch-0.2.3.tgz",
      "integrity": "sha1-7tgiQnM7okP0az6HwYQbMIGR2mg="
    },
    "popper.js": {
      "version": "1.16.1",
      "resolved": "https://registry.npmjs.org/popper.js/-/popper.js-1.16.1.tgz",
      "integrity": "sha512-Wb4p1J4zyFTbM+u6WuO4XstYx4Ky9Cewe4DWrel7B0w6VVICvPwdOpotjzcf6eD8TsckVnIMNONQyPIUFOUbCQ=="
    },
    "select2": {
      "version": "4.1.0-rc.0",
      "resolved": "https://registry.npmjs.org/select2/-/select2-4.1.0-rc.0.tgz",
      "integrity": "sha512-Hr9TdhyHCZUtwznEH2CBf7967mEM0idtJ5nMtjvk3Up5tPukOLXbHUNmh10oRfeNIhj+3GD3niu+g6sVK+gK0A=="
    },
    "slick-carousel": {
      "version": "1.8.1",
      "resolved": "https://registry.npmjs.org/slick-carousel/-/slick-carousel-1.8.1.tgz",
      "integrity": "sha512-XB9Ftrf2EEKfzoQXt3Nitrt/IPbT+f1fgqBdoxO3W/+JYvtEOW6EgxnWfr9GH6nmULv7Y2tPmEX3koxThVmebA=="
    }
  }
}
